
Microsoft Visual Studio Solution File, Format Version 12.00
# Visual Studio Version 17
VisualStudioVersion = 17.5.002.0
MinimumVisualStudioVersion = 10.0.40219.1
Project("{2150E333-8FDC-42A3-9474-1A3956D46DE8}") = "src", "src", "{BBDE079B-79BB-4C1D-B0DC-2AFC52E407DB}"
EndProject
Project("{9A19103F-16F7-4668-BE54-9A1E7A4F7556}") = "Play.Common", "src\Play.Common\Play.Common.csproj", "{D41B263B-8895-4EAD-BF8A-3EB659D107F6}"
EndProject
Global
	GlobalSection(SolutionConfigurationPlatforms) = preSolution
		Debug|Any CPU = Debug|Any CPU
		Release|Any CPU = Release|Any CPU
	EndGlobalSection
	GlobalSection(ProjectConfigurationPlatforms) = postSolution
		{D41B263B-8895-4EAD-BF8A-3EB659D107F6}.Debug|Any CPU.ActiveCfg = Debug|Any CPU
		{D41B263B-8895-4EAD-BF8A-3EB659D107F6}.Debug|Any CPU.Build.0 = Debug|Any CPU
		{D41B263B-8895-4EAD-BF8A-3EB659D107F6}.Release|Any CPU.ActiveCfg = Release|Any CPU
		{D41B263B-8895-4EAD-BF8A-3EB659D107F6}.Release|Any CPU.Build.0 = Release|Any CPU
	EndGlobalSection
	GlobalSection(SolutionProperties) = preSolution
		HideSolutionNode = FALSE
	EndGlobalSection
	GlobalSection(NestedProjects) = preSolution
		{D41B263B-8895-4EAD-BF8A-3EB659D107F6} = {BBDE079B-79BB-4C1D-B0DC-2AFC52E407DB}
	EndGlobalSection
	GlobalSection(ExtensibilityGlobals) = postSolution
		SolutionGuid = {C1208C12-CA09-461F-93BB-E92C34F03A98}
	EndGlobalSection
EndGlobal
